// !$*UTF8*$!
{
	archiveVersion = 1;
	classes = {
	};
	objectVersion = 50;
	objects = {

/* Begin PBXBuildFile section */
		16C39A9E162A9E8A5DBA4C46 /* Pods_iOSPlaidFit.framework in Frameworks */ = {isa = PBXBuildFile; fileRef = 895FB73989A61C58351B4AFD /* Pods_iOSPlaidFit.framework */; };
		D1065525218BC58200F55820 /* AppDelegate.swift in Sources */ = {isa = PBXBuildFile; fileRef = D1065524218BC58200F55820 /* AppDelegate.swift */; };
		D1065527218BC58200F55820 /* ViewController.swift in Sources */ = {isa = PBXBuildFile; fileRef = D1065526218BC58200F55820 /* ViewController.swift */; };
		D106552A218BC58200F55820 /* Main.storyboard in Resources */ = {isa = PBXBuildFile; fileRef = D1065528218BC58200F55820 /* Main.storyboard */; };
		D106552D218BC58200F55820 /* iOSPlaidFit.xcdatamodeld in Sources */ = {isa = PBXBuildFile; fileRef = D106552B218BC58200F55820 /* iOSPlaidFit.xcdatamodeld */; };
		D106552F218BC58300F55820 /* Assets.xcassets in Resources */ = {isa = PBXBuildFile; fileRef = D106552E218BC58300F55820 /* Assets.xcassets */; };
		D1065532218BC58300F55820 /* LaunchScreen.storyboard in Resources */ = {isa = PBXBuildFile; fileRef = D1065530218BC58300F55820 /* LaunchScreen.storyboard */; };
		D106553D218BC58300F55820 /* iOSPlaidFitTests.swift in Sources */ = {isa = PBXBuildFile; fileRef = D106553C218BC58300F55820 /* iOSPlaidFitTests.swift */; };
		D1065548218BC68C00F55820 /* HomeViewController.swift in Sources */ = {isa = PBXBuildFile; fileRef = D1065547218BC68C00F55820 /* HomeViewController.swift */; };
		D106554A218BC6AD00F55820 /* ProfileViewController.swift in Sources */ = {isa = PBXBuildFile; fileRef = D1065549218BC6AD00F55820 /* ProfileViewController.swift */; };
		D106554C218BC6B800F55820 /* SignupViewController.swift in Sources */ = {isa = PBXBuildFile; fileRef = D106554B218BC6B800F55820 /* SignupViewController.swift */; };
		D106554E218BC6C100F55820 /* LoginViewController.swift in Sources */ = {isa = PBXBuildFile; fileRef = D106554D218BC6C100F55820 /* LoginViewController.swift */; };
		D1065550218BC6CF00F55820 /* User.swift in Sources */ = {isa = PBXBuildFile; fileRef = D106554F218BC6CF00F55820 /* User.swift */; };
		D1396C02218BDEC70087E0EE /* TeamPickerDelegate.swift in Sources */ = {isa = PBXBuildFile; fileRef = D1396C01218BDEC70087E0EE /* TeamPickerDelegate.swift */; };
		D1396C04218BDEE10087E0EE /* ClassPickerDelegate.swift in Sources */ = {isa = PBXBuildFile; fileRef = D1396C03218BDEE10087E0EE /* ClassPickerDelegate.swift */; };
		D1396C06218BE0730087E0EE /* MajorPickerDelegate.swift in Sources */ = {isa = PBXBuildFile; fileRef = D1396C05218BE0730087E0EE /* MajorPickerDelegate.swift */; };
		E397E8895364E71A2E5B4DEA /* Pods_iOSPlaidFitTests.framework in Frameworks */ = {isa = PBXBuildFile; fileRef = A6C52ACBBE9489F9C4FC859E /* Pods_iOSPlaidFitTests.framework */; };
/* End PBXBuildFile section */

/* Begin PBXContainerItemProxy section */
		D1065539218BC58300F55820 /* PBXContainerItemProxy */ = {
			isa = PBXContainerItemProxy;
			containerPortal = D1065519218BC58200F55820 /* Project object */;
			proxyType = 1;
			remoteGlobalIDString = D1065520218BC58200F55820;
			remoteInfo = iOSPlaidFit;
		};
/* End PBXContainerItemProxy section */

/* Begin PBXFileReference section */
		1A99109D9D942A614F849A4C /* Pods-iOSPlaidFit.debug.xcconfig */ = {isa = PBXFileReference; includeInIndex = 1; lastKnownFileType = text.xcconfig; name = "Pods-iOSPlaidFit.debug.xcconfig"; path = "Pods/Target Support Files/Pods-iOSPlaidFit/Pods-iOSPlaidFit.debug.xcconfig"; sourceTree = "<group>"; };
		1D69CD85C9E8B099DE258068 /* Pods-iOSPlaidFitTests.release.xcconfig */ = {isa = PBXFileReference; includeInIndex = 1; lastKnownFileType = text.xcconfig; name = "Pods-iOSPlaidFitTests.release.xcconfig"; path = "Pods/Target Support Files/Pods-iOSPlaidFitTests/Pods-iOSPlaidFitTests.release.xcconfig"; sourceTree = "<group>"; };
		5CD8379E10741D7C0FD468AA /* Pods-iOSPlaidFit.release.xcconfig */ = {isa = PBXFileReference; includeInIndex = 1; lastKnownFileType = text.xcconfig; name = "Pods-iOSPlaidFit.release.xcconfig"; path = "Pods/Target Support Files/Pods-iOSPlaidFit/Pods-iOSPlaidFit.release.xcconfig"; sourceTree = "<group>"; };
		5DAE606E1163FCA1ADAC6015 /* Pods-iOSPlaidFitTests.debug.xcconfig */ = {isa = PBXFileReference; includeInIndex = 1; lastKnownFileType = text.xcconfig; name = "Pods-iOSPlaidFitTests.debug.xcconfig"; path = "Pods/Target Support Files/Pods-iOSPlaidFitTests/Pods-iOSPlaidFitTests.debug.xcconfig"; sourceTree = "<group>"; };
		895FB73989A61C58351B4AFD /* Pods_iOSPlaidFit.framework */ = {isa = PBXFileReference; explicitFileType = wrapper.framework; includeInIndex = 0; path = Pods_iOSPlaidFit.framework; sourceTree = BUILT_PRODUCTS_DIR; };
		A6C52ACBBE9489F9C4FC859E /* Pods_iOSPlaidFitTests.framework */ = {isa = PBXFileReference; explicitFileType = wrapper.framework; includeInIndex = 0; path = Pods_iOSPlaidFitTests.framework; sourceTree = BUILT_PRODUCTS_DIR; };
		D1065521218BC58200F55820 /* iOSPlaidFit.app */ = {isa = PBXFileReference; explicitFileType = wrapper.application; includeInIndex = 0; path = iOSPlaidFit.app; sourceTree = BUILT_PRODUCTS_DIR; };
		D1065524218BC58200F55820 /* AppDelegate.swift */ = {isa = PBXFileReference; lastKnownFileType = sourcecode.swift; path = AppDelegate.swift; sourceTree = "<group>"; };
		D1065526218BC58200F55820 /* ViewController.swift */ = {isa = PBXFileReference; lastKnownFileType = sourcecode.swift; path = ViewController.swift; sourceTree = "<group>"; };
		D1065529218BC58200F55820 /* Base */ = {isa = PBXFileReference; lastKnownFileType = file.storyboard; name = Base; path = Base.lproj/Main.storyboard; sourceTree = "<group>"; };
		D106552C218BC58200F55820 /* iOSPlaidFit.xcdatamodel */ = {isa = PBXFileReference; lastKnownFileType = wrapper.xcdatamodel; path = iOSPlaidFit.xcdatamodel; sourceTree = "<group>"; };
		D106552E218BC58300F55820 /* Assets.xcassets */ = {isa = PBXFileReference; lastKnownFileType = folder.assetcatalog; path = Assets.xcassets; sourceTree = "<group>"; };
		D1065531218BC58300F55820 /* Base */ = {isa = PBXFileReference; lastKnownFileType = file.storyboard; name = Base; path = Base.lproj/LaunchScreen.storyboard; sourceTree = "<group>"; };
		D1065533218BC58300F55820 /* Info.plist */ = {isa = PBXFileReference; lastKnownFileType = text.plist.xml; path = Info.plist; sourceTree = "<group>"; };
		D1065538218BC58300F55820 /* iOSPlaidFitTests.xctest */ = {isa = PBXFileReference; explicitFileType = wrapper.cfbundle; includeInIndex = 0; path = iOSPlaidFitTests.xctest; sourceTree = BUILT_PRODUCTS_DIR; };
		D106553C218BC58300F55820 /* iOSPlaidFitTests.swift */ = {isa = PBXFileReference; lastKnownFileType = sourcecode.swift; path = iOSPlaidFitTests.swift; sourceTree = "<group>"; };
		D106553E218BC58300F55820 /* Info.plist */ = {isa = PBXFileReference; lastKnownFileType = text.plist.xml; path = Info.plist; sourceTree = "<group>"; };
		D1065547218BC68C00F55820 /* HomeViewController.swift */ = {isa = PBXFileReference; lastKnownFileType = sourcecode.swift; path = HomeViewController.swift; sourceTree = "<group>"; };
		D1065549218BC6AD00F55820 /* ProfileViewController.swift */ = {isa = PBXFileReference; lastKnownFileType = sourcecode.swift; path = ProfileViewController.swift; sourceTree = "<group>"; };
		D106554B218BC6B800F55820 /* SignupViewController.swift */ = {isa = PBXFileReference; lastKnownFileType = sourcecode.swift; path = SignupViewController.swift; sourceTree = "<group>"; };
		D106554D218BC6C100F55820 /* LoginViewController.swift */ = {isa = PBXFileReference; lastKnownFileType = sourcecode.swift; path = LoginViewController.swift; sourceTree = "<group>"; };
		D106554F218BC6CF00F55820 /* User.swift */ = {isa = PBXFileReference; lastKnownFileType = sourcecode.swift; path = User.swift; sourceTree = "<group>"; };
		D1396C01218BDEC70087E0EE /* TeamPickerDelegate.swift */ = {isa = PBXFileReference; lastKnownFileType = sourcecode.swift; path = TeamPickerDelegate.swift; sourceTree = "<group>"; };
		D1396C03218BDEE10087E0EE /* ClassPickerDelegate.swift */ = {isa = PBXFileReference; lastKnownFileType = sourcecode.swift; path = ClassPickerDelegate.swift; sourceTree = "<group>"; };
		D1396C05218BE0730087E0EE /* MajorPickerDelegate.swift */ = {isa = PBXFileReference; lastKnownFileType = sourcecode.swift; path = MajorPickerDelegate.swift; sourceTree = "<group>"; };
/* End PBXFileReference section */

/* Begin PBXFrameworksBuildPhase section */
		D106551E218BC58200F55820 /* Frameworks */ = {
			isa = PBXFrameworksBuildPhase;
			buildActionMask = 2147483647;
			files = (
				16C39A9E162A9E8A5DBA4C46 /* Pods_iOSPlaidFit.framework in Frameworks */,
			);
			runOnlyForDeploymentPostprocessing = 0;
		};
		D1065535218BC58300F55820 /* Frameworks */ = {
			isa = PBXFrameworksBuildPhase;
			buildActionMask = 2147483647;
			files = (
				E397E8895364E71A2E5B4DEA /* Pods_iOSPlaidFitTests.framework in Frameworks */,
			);
			runOnlyForDeploymentPostprocessing = 0;
		};
/* End PBXFrameworksBuildPhase section */

/* Begin PBXGroup section */
		9D204F7E94DAACE98900D5DF /* Pods */ = {
			isa = PBXGroup;
			children = (
				1A99109D9D942A614F849A4C /* Pods-iOSPlaidFit.debug.xcconfig */,
				5CD8379E10741D7C0FD468AA /* Pods-iOSPlaidFit.release.xcconfig */,
				5DAE606E1163FCA1ADAC6015 /* Pods-iOSPlaidFitTests.debug.xcconfig */,
				1D69CD85C9E8B099DE258068 /* Pods-iOSPlaidFitTests.release.xcconfig */,
			);
			name = Pods;
			sourceTree = "<group>";
		};
		B10525CE5575BCF576B5C13D /* Frameworks */ = {
			isa = PBXGroup;
			children = (
				895FB73989A61C58351B4AFD /* Pods_iOSPlaidFit.framework */,
				A6C52ACBBE9489F9C4FC859E /* Pods_iOSPlaidFitTests.framework */,
			);
			name = Frameworks;
			sourceTree = "<group>";
		};
		D1065518218BC58200F55820 = {
			isa = PBXGroup;
			children = (
				D1065523218BC58200F55820 /* iOSPlaidFit */,
				D106553B218BC58300F55820 /* iOSPlaidFitTests */,
				D1065522218BC58200F55820 /* Products */,
				9D204F7E94DAACE98900D5DF /* Pods */,
				B10525CE5575BCF576B5C13D /* Frameworks */,
			);
			sourceTree = "<group>";
		};
		D1065522218BC58200F55820 /* Products */ = {
			isa = PBXGroup;
			children = (
				D1065521218BC58200F55820 /* iOSPlaidFit.app */,
				D1065538218BC58300F55820 /* iOSPlaidFitTests.xctest */,
			);
			name = Products;
			sourceTree = "<group>";
		};
		D1065523218BC58200F55820 /* iOSPlaidFit */ = {
			isa = PBXGroup;
			children = (
				D1065524218BC58200F55820 /* AppDelegate.swift */,
				D1396C00218BDEAE0087E0EE /* Delegates */,
				D1065551218BC7B500F55820 /* View Controllers */,
				D1065554218BC7D300F55820 /* Views */,
				D1065552218BC7C200F55820 /* Models */,
				D106552E218BC58300F55820 /* Assets.xcassets */,
				D1065533218BC58300F55820 /* Info.plist */,
				D106552B218BC58200F55820 /* iOSPlaidFit.xcdatamodeld */,
			);
			path = iOSPlaidFit;
			sourceTree = "<group>";
		};
		D106553B218BC58300F55820 /* iOSPlaidFitTests */ = {
			isa = PBXGroup;
			children = (
				D106553C218BC58300F55820 /* iOSPlaidFitTests.swift */,
				D106553E218BC58300F55820 /* Info.plist */,
			);
			path = iOSPlaidFitTests;
			sourceTree = "<group>";
		};
		D1065551218BC7B500F55820 /* View Controllers */ = {
			isa = PBXGroup;
			children = (
				D1065547218BC68C00F55820 /* HomeViewController.swift */,
				D106554B218BC6B800F55820 /* SignupViewController.swift */,
				D1065526218BC58200F55820 /* ViewController.swift */,
				D106554D218BC6C100F55820 /* LoginViewController.swift */,
				D1065549218BC6AD00F55820 /* ProfileViewController.swift */,
			);
			path = "View Controllers";
			sourceTree = "<group>";
		};
		D1065552218BC7C200F55820 /* Models */ = {
			isa = PBXGroup;
			children = (
				D106554F218BC6CF00F55820 /* User.swift */,
			);
			path = Models;
			sourceTree = "<group>";
		};
		D1065554218BC7D300F55820 /* Views */ = {
			isa = PBXGroup;
			children = (
				D1065528218BC58200F55820 /* Main.storyboard */,
				D1065530218BC58300F55820 /* LaunchScreen.storyboard */,
			);
			path = Views;
			sourceTree = "<group>";
		};
		D1396C00218BDEAE0087E0EE /* Delegates */ = {
			isa = PBXGroup;
			children = (
				D1396C01218BDEC70087E0EE /* TeamPickerDelegate.swift */,
				D1396C03218BDEE10087E0EE /* ClassPickerDelegate.swift */,
				D1396C05218BE0730087E0EE /* MajorPickerDelegate.swift */,
			);
			path = Delegates;
			sourceTree = "<group>";
		};
/* End PBXGroup section */

/* Begin PBXNativeTarget section */
		D1065520218BC58200F55820 /* iOSPlaidFit */ = {
			isa = PBXNativeTarget;
			buildConfigurationList = D1065541218BC58300F55820 /* Build configuration list for PBXNativeTarget "iOSPlaidFit" */;
			buildPhases = (
				2C799BB79531C2F11A304196 /* [CP] Check Pods Manifest.lock */,
				D106551D218BC58200F55820 /* Sources */,
				D106551E218BC58200F55820 /* Frameworks */,
				D106551F218BC58200F55820 /* Resources */,
				16D2D1C52E514AB7C0094960 /* [CP] Embed Pods Frameworks */,
			);
			buildRules = (
			);
			dependencies = (
			);
			name = iOSPlaidFit;
			productName = iOSPlaidFit;
			productReference = D1065521218BC58200F55820 /* iOSPlaidFit.app */;
			productType = "com.apple.product-type.application";
		};
		D1065537218BC58300F55820 /* iOSPlaidFitTests */ = {
			isa = PBXNativeTarget;
			buildConfigurationList = D1065544218BC58300F55820 /* Build configuration list for PBXNativeTarget "iOSPlaidFitTests" */;
			buildPhases = (
				54FC78B16688A200CC5277F9 /* [CP] Check Pods Manifest.lock */,
				D1065534218BC58300F55820 /* Sources */,
				D1065535218BC58300F55820 /* Frameworks */,
				D1065536218BC58300F55820 /* Resources */,
			);
			buildRules = (
			);
			dependencies = (
				D106553A218BC58300F55820 /* PBXTargetDependency */,
			);
			name = iOSPlaidFitTests;
			productName = iOSPlaidFitTests;
			productReference = D1065538218BC58300F55820 /* iOSPlaidFitTests.xctest */;
			productType = "com.apple.product-type.bundle.unit-test";
		};
/* End PBXNativeTarget section */

/* Begin PBXProject section */
		D1065519218BC58200F55820 /* Project object */ = {
			isa = PBXProject;
			attributes = {
				LastSwiftUpdateCheck = 1000;
				LastUpgradeCheck = 1000;
				ORGANIZATIONNAME = "Winston Chu";
				TargetAttributes = {
					D1065520218BC58200F55820 = {
						CreatedOnToolsVersion = 10.0;
					};
					D1065537218BC58300F55820 = {
						CreatedOnToolsVersion = 10.0;
						TestTargetID = D1065520218BC58200F55820;
					};
				};
			};
			buildConfigurationList = D106551C218BC58200F55820 /* Build configuration list for PBXProject "iOSPlaidFit" */;
			compatibilityVersion = "Xcode 9.3";
			developmentRegion = en;
			hasScannedForEncodings = 0;
			knownRegions = (
				en,
				Base,
			);
			mainGroup = D1065518218BC58200F55820;
			productRefGroup = D1065522218BC58200F55820 /* Products */;
			projectDirPath = "";
			projectRoot = "";
			targets = (
				D1065520218BC58200F55820 /* iOSPlaidFit */,
				D1065537218BC58300F55820 /* iOSPlaidFitTests */,
			);
		};
/* End PBXProject section */

/* Begin PBXResourcesBuildPhase section */
		D106551F218BC58200F55820 /* Resources */ = {
			isa = PBXResourcesBuildPhase;
			buildActionMask = 2147483647;
			files = (
				D1065532218BC58300F55820 /* LaunchScreen.storyboard in Resources */,
				D106552F218BC58300F55820 /* Assets.xcassets in Resources */,
				D106552A218BC58200F55820 /* Main.storyboard in Resources */,
			);
			runOnlyForDeploymentPostprocessing = 0;
		};
		D1065536218BC58300F55820 /* Resources */ = {
			isa = PBXResourcesBuildPhase;
			buildActionMask = 2147483647;
			files = (
			);
			runOnlyForDeploymentPostprocessing = 0;
		};
/* End PBXResourcesBuildPhase section */

/* Begin PBXShellScriptBuildPhase section */
		16D2D1C52E514AB7C0094960 /* [CP] Embed Pods Frameworks */ = {
			isa = PBXShellScriptBuildPhase;
			buildActionMask = 2147483647;
			files = (
			);
			inputFileListPaths = (
			);
			inputPaths = (
				"${SRCROOT}/Pods/Target Support Files/Pods-iOSPlaidFit/Pods-iOSPlaidFit-frameworks.sh",
				"${BUILT_PRODUCTS_DIR}/Alamofire/Alamofire.framework",
				"${BUILT_PRODUCTS_DIR}/SwiftyJSON/SwiftyJSON.framework",
			);
			name = "[CP] Embed Pods Frameworks";
			outputFileListPaths = (
			);
			outputPaths = (
				"${TARGET_BUILD_DIR}/${FRAMEWORKS_FOLDER_PATH}/Alamofire.framework",
				"${TARGET_BUILD_DIR}/${FRAMEWORKS_FOLDER_PATH}/SwiftyJSON.framework",
			);
			runOnlyForDeploymentPostprocessing = 0;
			shellPath = /bin/sh;
			shellScript = "\"${SRCROOT}/Pods/Target Support Files/Pods-iOSPlaidFit/Pods-iOSPlaidFit-frameworks.sh\"\n";
			showEnvVarsInLog = 0;
		};
		2C799BB79531C2F11A304196 /* [CP] Check Pods Manifest.lock */ = {
			isa = PBXShellScriptBuildPhase;
			buildActionMask = 2147483647;
			files = (
			);
			inputFileListPaths = (
			);
			inputPaths = (
				"${PODS_PODFILE_DIR_PATH}/Podfile.lock",
				"${PODS_ROOT}/Manifest.lock",
			);
			name = "[CP] Check Pods Manifest.lock";
			outputFileListPaths = (
			);
			outputPaths = (
				"$(DERIVED_FILE_DIR)/Pods-iOSPlaidFit-checkManifestLockResult.txt",
			);
			runOnlyForDeploymentPostprocessing = 0;
			shellPath = /bin/sh;
			shellScript = "diff \"${PODS_PODFILE_DIR_PATH}/Podfile.lock\" \"${PODS_ROOT}/Manifest.lock\" > /dev/null\nif [ $? != 0 ] ; then\n    # print error to STDERR\n    echo \"error: The sandbox is not in sync with the Podfile.lock. Run 'pod install' or update your CocoaPods installation.\" >&2\n    exit 1\nfi\n# This output is used by Xcode 'outputs' to avoid re-running this script phase.\necho \"SUCCESS\" > \"${SCRIPT_OUTPUT_FILE_0}\"\n";
			showEnvVarsInLog = 0;
		};
		54FC78B16688A200CC5277F9 /* [CP] Check Pods Manifest.lock */ = {
			isa = PBXShellScriptBuildPhase;
			buildActionMask = 2147483647;
			files = (
			);
			inputFileListPaths = (
			);
			inputPaths = (
				"${PODS_PODFILE_DIR_PATH}/Podfile.lock",
				"${PODS_ROOT}/Manifest.lock",
			);
			name = "[CP] Check Pods Manifest.lock";
			outputFileListPaths = (
			);
			outputPaths = (
				"$(DERIVED_FILE_DIR)/Pods-iOSPlaidFitTests-checkManifestLockResult.txt",
			);
			runOnlyForDeploymentPostprocessing = 0;
			shellPath = /bin/sh;
			shellScript = "diff \"${PODS_PODFILE_DIR_PATH}/Podfile.lock\" \"${PODS_ROOT}/Manifest.lock\" > /dev/null\nif [ $? != 0 ] ; then\n    # print error to STDERR\n    echo \"error: The sandbox is not in sync with the Podfile.lock. Run 'pod install' or update your CocoaPods installation.\" >&2\n    exit 1\nfi\n# This output is used by Xcode 'outputs' to avoid re-running this script phase.\necho \"SUCCESS\" > \"${SCRIPT_OUTPUT_FILE_0}\"\n";
			showEnvVarsInLog = 0;
		};
/* End PBXShellScriptBuildPhase section */

/* Begin PBXSourcesBuildPhase section */
		D106551D218BC58200F55820 /* Sources */ = {
			isa = PBXSourcesBuildPhase;
			buildActionMask = 2147483647;
			files = (
				D1396C02218BDEC70087E0EE /* TeamPickerDelegate.swift in Sources */,
				D1396C06218BE0730087E0EE /* MajorPickerDelegate.swift in Sources */,
				D106554E218BC6C100F55820 /* LoginViewController.swift in Sources */,
				D106554C218BC6B800F55820 /* SignupViewController.swift in Sources */,
				D1396C04218BDEE10087E0EE /* ClassPickerDelegate.swift in Sources */,
				D106552D218BC58200F55820 /* iOSPlaidFit.xcdatamodeld in Sources */,
				D1065527218BC58200F55820 /* ViewController.swift in Sources */,
				D1065550218BC6CF00F55820 /* User.swift in Sources */,
				D106554A218BC6AD00F55820 /* ProfileViewController.swift in Sources */,
				D1065525218BC58200F55820 /* AppDelegate.swift in Sources */,
				D1065548218BC68C00F55820 /* HomeViewController.swift in Sources */,
			);
			runOnlyForDeploymentPostprocessing = 0;
		};
		D1065534218BC58300F55820 /* Sources */ = {
			isa = PBXSourcesBuildPhase;
			buildActionMask = 2147483647;
			files = (
				D106553D218BC58300F55820 /* iOSPlaidFitTests.swift in Sources */,
			);
			runOnlyForDeploymentPostprocessing = 0;
		};
/* End PBXSourcesBuildPhase section */

/* Begin PBXTargetDependency section */
		D106553A218BC58300F55820 /* PBXTargetDependency */ = {
			isa = PBXTargetDependency;
			target = D1065520218BC58200F55820 /* iOSPlaidFit */;
			targetProxy = D1065539218BC58300F55820 /* PBXContainerItemProxy */;
		};
/* End PBXTargetDependency section */

/* Begin PBXVariantGroup section */
		D1065528218BC58200F55820 /* Main.storyboard */ = {
			isa = PBXVariantGroup;
			children = (
				D1065529218BC58200F55820 /* Base */,
			);
			name = Main.storyboard;
			sourceTree = "<group>";
		};
		D1065530218BC58300F55820 /* LaunchScreen.storyboard */ = {
			isa = PBXVariantGroup;
			children = (
				D1065531218BC58300F55820 /* Base */,
			);
			name = LaunchScreen.storyboard;
			sourceTree = "<group>";
		};
/* End PBXVariantGroup section */

/* Begin XCBuildConfiguration section */
		D106553F218BC58300F55820 /* Debug */ = {
			isa = XCBuildConfiguration;
			buildSettings = {
				ALWAYS_SEARCH_USER_PATHS = NO;
				CLANG_ANALYZER_NONNULL = YES;
				CLANG_ANALYZER_NUMBER_OBJECT_CONVERSION = YES_AGGRESSIVE;
				CLANG_CXX_LANGUAGE_STANDARD = "gnu++14";
				CLANG_CXX_LIBRARY = "libc++";
				CLANG_ENABLE_MODULES = YES;
				CLANG_ENABLE_OBJC_ARC = YES;
				CLANG_ENABLE_OBJC_WEAK = YES;
				CLANG_WARN_BLOCK_CAPTURE_AUTORELEASING = YES;
				CLANG_WARN_BOOL_CONVERSION = YES;
				CLANG_WARN_COMMA = YES;
				CLANG_WARN_CONSTANT_CONVERSION = YES;
				CLANG_WARN_DEPRECATED_OBJC_IMPLEMENTATIONS = YES;
				CLANG_WARN_DIRECT_OBJC_ISA_USAGE = YES_ERROR;
				CLANG_WARN_DOCUMENTATION_COMMENTS = YES;
				CLANG_WARN_EMPTY_BODY = YES;
				CLANG_WARN_ENUM_CONVERSION = YES;
				CLANG_WARN_INFINITE_RECURSION = YES;
				CLANG_WARN_INT_CONVERSION = YES;
				CLANG_WARN_NON_LITERAL_NULL_CONVERSION = YES;
				CLANG_WARN_OBJC_IMPLICIT_RETAIN_SELF = YES;
				CLANG_WARN_OBJC_LITERAL_CONVERSION = YES;
				CLANG_WARN_OBJC_ROOT_CLASS = YES_ERROR;
				CLANG_WARN_RANGE_LOOP_ANALYSIS = YES;
				CLANG_WARN_STRICT_PROTOTYPES = YES;
				CLANG_WARN_SUSPICIOUS_MOVE = YES;
				CLANG_WARN_UNGUARDED_AVAILABILITY = YES_AGGRESSIVE;
				CLANG_WARN_UNREACHABLE_CODE = YES;
				CLANG_WARN__DUPLICATE_METHOD_MATCH = YES;
				CODE_SIGN_IDENTITY = "iPhone Developer";
				COPY_PHASE_STRIP = NO;
				DEBUG_INFORMATION_FORMAT = dwarf;
				ENABLE_STRICT_OBJC_MSGSEND = YES;
				ENABLE_TESTABILITY = YES;
				GCC_C_LANGUAGE_STANDARD = gnu11;
				GCC_DYNAMIC_NO_PIC = NO;
				GCC_NO_COMMON_BLOCKS = YES;
				GCC_OPTIMIZATION_LEVEL = 0;
				GCC_PREPROCESSOR_DEFINITIONS = (
					"DEBUG=1",
					"$(inherited)",
				);
				GCC_WARN_64_TO_32_BIT_CONVERSION = YES;
				GCC_WARN_ABOUT_RETURN_TYPE = YES_ERROR;
				GCC_WARN_UNDECLARED_SELECTOR = YES;
				GCC_WARN_UNINITIALIZED_AUTOS = YES_AGGRESSIVE;
				GCC_WARN_UNUSED_FUNCTION = YES;
				GCC_WARN_UNUSED_VARIABLE = YES;
				IPHONEOS_DEPLOYMENT_TARGET = 12.0;
				MTL_ENABLE_DEBUG_INFO = INCLUDE_SOURCE;
				MTL_FAST_MATH = YES;
				ONLY_ACTIVE_ARCH = YES;
				SDKROOT = iphoneos;
				SWIFT_ACTIVE_COMPILATION_CONDITIONS = DEBUG;
				SWIFT_OPTIMIZATION_LEVEL = "-Onone";
			};
			name = Debug;
		};
		D1065540218BC58300F55820 /* Release */ = {
			isa = XCBuildConfiguration;
			buildSettings = {
				ALWAYS_SEARCH_USER_PATHS = NO;
				CLANG_ANALYZER_NONNULL = YES;
				CLANG_ANALYZER_NUMBER_OBJECT_CONVERSION = YES_AGGRESSIVE;
				CLANG_CXX_LANGUAGE_STANDARD = "gnu++14";
				CLANG_CXX_LIBRARY = "libc++";
				CLANG_ENABLE_MODULES = YES;
				CLANG_ENABLE_OBJC_ARC = YES;
				CLANG_ENABLE_OBJC_WEAK = YES;
				CLANG_WARN_BLOCK_CAPTURE_AUTORELEASING = YES;
				CLANG_WARN_BOOL_CONVERSION = YES;
				CLANG_WARN_COMMA = YES;
				CLANG_WARN_CONSTANT_CONVERSION = YES;
				CLANG_WARN_DEPRECATED_OBJC_IMPLEMENTATIONS = YES;
				CLANG_WARN_DIRECT_OBJC_ISA_USAGE = YES_ERROR;
				CLANG_WARN_DOCUMENTATION_COMMENTS = YES;
				CLANG_WARN_EMPTY_BODY = YES;
				CLANG_WARN_ENUM_CONVERSION = YES;
				CLANG_WARN_INFINITE_RECURSION = YES;
				CLANG_WARN_INT_CONVERSION = YES;
				CLANG_WARN_NON_LITERAL_NULL_CONVERSION = YES;
				CLANG_WARN_OBJC_IMPLICIT_RETAIN_SELF = YES;
				CLANG_WARN_OBJC_LITERAL_CONVERSION = YES;
				CLANG_WARN_OBJC_ROOT_CLASS = YES_ERROR;
				CLANG_WARN_RANGE_LOOP_ANALYSIS = YES;
				CLANG_WARN_STRICT_PROTOTYPES = YES;
				CLANG_WARN_SUSPICIOUS_MOVE = YES;
				CLANG_WARN_UNGUARDED_AVAILABILITY = YES_AGGRESSIVE;
				CLANG_WARN_UNREACHABLE_CODE = YES;
				CLANG_WARN__DUPLICATE_METHOD_MATCH = YES;
				CODE_SIGN_IDENTITY = "iPhone Developer";
				COPY_PHASE_STRIP = NO;
				DEBUG_INFORMATION_FORMAT = "dwarf-with-dsym";
				ENABLE_NS_ASSERTIONS = NO;
				ENABLE_STRICT_OBJC_MSGSEND = YES;
				GCC_C_LANGUAGE_STANDARD = gnu11;
				GCC_NO_COMMON_BLOCKS = YES;
				GCC_WARN_64_TO_32_BIT_CONVERSION = YES;
				GCC_WARN_ABOUT_RETURN_TYPE = YES_ERROR;
				GCC_WARN_UNDECLARED_SELECTOR = YES;
				GCC_WARN_UNINITIALIZED_AUTOS = YES_AGGRESSIVE;
				GCC_WARN_UNUSED_FUNCTION = YES;
				GCC_WARN_UNUSED_VARIABLE = YES;
				IPHONEOS_DEPLOYMENT_TARGET = 12.0;
				MTL_ENABLE_DEBUG_INFO = NO;
				MTL_FAST_MATH = YES;
				SDKROOT = iphoneos;
				SWIFT_COMPILATION_MODE = wholemodule;
				SWIFT_OPTIMIZATION_LEVEL = "-O";
				VALIDATE_PRODUCT = YES;
			};
			name = Release;
		};
		D1065542218BC58300F55820 /* Debug */ = {
			isa = XCBuildConfiguration;
			baseConfigurationReference = 1A99109D9D942A614F849A4C /* Pods-iOSPlaidFit.debug.xcconfig */;
			buildSettings = {
				ASSETCATALOG_COMPILER_APPICON_NAME = AppIcon;
				CODE_SIGN_STYLE = Automatic;
				INFOPLIST_FILE = iOSPlaidFit/Info.plist;
				LD_RUNPATH_SEARCH_PATHS = (
					"$(inherited)",
					"@executable_path/Frameworks",
				);
				PRODUCT_BUNDLE_IDENTIFIER = com.wchuLearn.iOSPlaidFit;
				PRODUCT_NAME = "$(TARGET_NAME)";
				SWIFT_VERSION = 4.2;
				TARGETED_DEVICE_FAMILY = "1,2";
			};
			name = Debug;
		};
		D1065543218BC58300F55820 /* Release */ = {
			isa = XCBuildConfiguration;
			baseConfigurationReference = 5CD8379E10741D7C0FD468AA /* Pods-iOSPlaidFit.release.xcconfig */;
			buildSettings = {
				ASSETCATALOG_COMPILER_APPICON_NAME = AppIcon;
				CODE_SIGN_STYLE = Automatic;
				INFOPLIST_FILE = iOSPlaidFit/Info.plist;
				LD_RUNPATH_SEARCH_PATHS = (
					"$(inherited)",
					"@executable_path/Frameworks",
				);
				PRODUCT_BUNDLE_IDENTIFIER = com.wchuLearn.iOSPlaidFit;
				PRODUCT_NAME = "$(TARGET_NAME)";
				SWIFT_VERSION = 4.2;
				TARGETED_DEVICE_FAMILY = "1,2";
			};
			name = Release;
		};
		D1065545218BC58300F55820 /* Debug */ = {
			isa = XCBuildConfiguration;
			baseConfigurationReference = 5DAE606E1163FCA1ADAC6015 /* Pods-iOSPlaidFitTests.debug.xcconfig */;
			buildSettings = {
				ALWAYS_EMBED_SWIFT_STANDARD_LIBRARIES = YES;
				BUNDLE_LOADER = "$(TEST_HOST)";
				CODE_SIGN_STYLE = Automatic;
				INFOPLIST_FILE = iOSPlaidFitTests/Info.plist;
				LD_RUNPATH_SEARCH_PATHS = (
					"$(inherited)",
					"@executable_path/Frameworks",
					"@loader_path/Frameworks",
				);
				PRODUCT_BUNDLE_IDENTIFIER = com.wchuLearn.iOSPlaidFitTests;
				PRODUCT_NAME = "$(TARGET_NAME)";
				SWIFT_VERSION = 4.2;
				TARGETED_DEVICE_FAMILY = "1,2";
				TEST_HOST = "$(BUILT_PRODUCTS_DIR)/iOSPlaidFit.app/iOSPlaidFit";
			};
			name = Debug;
		};
		D1065546218BC58300F55820 /* Release */ = {
			isa = XCBuildConfiguration;
			baseConfigurationReference = 1D69CD85C9E8B099DE258068 /* Pods-iOSPlaidFitTests.release.xcconfig */;
			buildSettings = {
				ALWAYS_EMBED_SWIFT_STANDARD_LIBRARIES = YES;
				BUNDLE_LOADER = "$(TEST_HOST)";
				CODE_SIGN_STYLE = Automatic;
				INFOPLIST_FILE = iOSPlaidFitTests/Info.plist;
				LD_RUNPATH_SEARCH_PATHS = (
					"$(inherited)",
					"@executable_path/Frameworks",
					"@loader_path/Frameworks",
				);
				PRODUCT_BUNDLE_IDENTIFIER = com.wchuLearn.iOSPlaidFitTests;
				PRODUCT_NAME = "$(TARGET_NAME)";
				SWIFT_VERSION = 4.2;
				TARGETED_DEVICE_FAMILY = "1,2";
				TEST_HOST = "$(BUILT_PRODUCTS_DIR)/iOSPlaidFit.app/iOSPlaidFit";
			};
			name = Release;
		};
/* End XCBuildConfiguration section */

/* Begin XCConfigurationList section */
		D106551C218BC58200F55820 /* Build configuration list for PBXProject "iOSPlaidFit" */ = {
			isa = XCConfigurationList;
			buildConfigurations = (
				D106553F218BC58300F55820 /* Debug */,
				D1065540218BC58300F55820 /* Release */,
			);
			defaultConfigurationIsVisible = 0;
			defaultConfigurationName = Release;
		};
		D1065541218BC58300F55820 /* Build configuration list for PBXNativeTarget "iOSPlaidFit" */ = {
			isa = XCConfigurationList;
			buildConfigurations = (
				D1065542218BC58300F55820 /* Debug */,
				D1065543218BC58300F55820 /* Release */,
			);
			defaultConfigurationIsVisible = 0;
			defaultConfigurationName = Release;
		};
		D1065544218BC58300F55820 /* Build configuration list for PBXNativeTarget "iOSPlaidFitTests" */ = {
			isa = XCConfigurationList;
			buildConfigurations = (
				D1065545218BC58300F55820 /* Debug */,
				D1065546218BC58300F55820 /* Release */,
			);
			defaultConfigurationIsVisible = 0;
			defaultConfigurationName = Release;
		};
/* End XCConfigurationList section */

/* Begin XCVersionGroup section */
		D106552B218BC58200F55820 /* iOSPlaidFit.xcdatamodeld */ = {
			isa = XCVersionGroup;
			children = (
				D106552C218BC58200F55820 /* iOSPlaidFit.xcdatamodel */,
			);
			currentVersion = D106552C218BC58200F55820 /* iOSPlaidFit.xcdatamodel */;
			path = iOSPlaidFit.xcdatamodeld;
			sourceTree = "<group>";
			versionGroupType = wrapper.xcdatamodel;
		};
/* End XCVersionGroup section */
	};
	rootObject = D1065519218BC58200F55820 /* Project object */;
}
